// !$*UTF8*$!
{
	archiveVersion = 1;
	classes = {
	};
	objectVersion = 46;
	objects = {

/* Begin PBXBuildFile section */
		1714AAA41613E39A0044D14B /* MXDurationTransformer.m in Sources */ = {isa = PBXBuildFile; fileRef = 1714AAA31613E39A0044D14B /* MXDurationTransformer.m */; };
		1714AAA81613E3AC0044D14B /* MXIntervalTransformer.m in Sources */ = {isa = PBXBuildFile; fileRef = 1714AAA71613E3AC0044D14B /* MXIntervalTransformer.m */; };
		17D6114E1613690B00CE9262 /* Cocoa.framework in Frameworks */ = {isa = PBXBuildFile; fileRef = 17D6114D1613690B00CE9262 /* Cocoa.framework */; };
		17D611581613690B00CE9262 /* InfoPlist.strings in Resources */ = {isa = PBXBuildFile; fileRef = 17D611561613690B00CE9262 /* InfoPlist.strings */; };
		17D6115A1613690B00CE9262 /* main.m in Sources */ = {isa = PBXBuildFile; fileRef = 17D611591613690B00CE9262 /* main.m */; };
		17D6115E1613690B00CE9262 /* Credits.rtf in Resources */ = {isa = PBXBuildFile; fileRef = 17D6115C1613690B00CE9262 /* Credits.rtf */; };
		17D611611613690B00CE9262 /* MXAppDelegate.m in Sources */ = {isa = PBXBuildFile; fileRef = 17D611601613690B00CE9262 /* MXAppDelegate.m */; };
		17D611641613690B00CE9262 /* MainMenu.xib in Resources */ = {isa = PBXBuildFile; fileRef = 17D611621613690B00CE9262 /* MainMenu.xib */; };
		8F276B70176A234900D0799D /* MXKeyButtonCell.m in Sources */ = {isa = PBXBuildFile; fileRef = 8F276B6F176A234900D0799D /* MXKeyButtonCell.m */; };
		8F276B79176A64D400D0799D /* MXKeyButton.m in Sources */ = {isa = PBXBuildFile; fileRef = 8F276B78176A64D400D0799D /* MXKeyButton.m */; };
		8F42C50E176B952600349AFA /* Security.framework in Frameworks */ = {isa = PBXBuildFile; fileRef = 8F42C50D176B952600349AFA /* Security.framework */; };
		8F42C515176B98F200349AFA /* CoreServices.framework in Frameworks */ = {isa = PBXBuildFile; fileRef = 8F42C514176B98F200349AFA /* CoreServices.framework */; };
		8F42C52A176B9C0A00349AFA /* MaxxxroHelper in Resources */ = {isa = PBXBuildFile; fileRef = 8F42C513176B98F200349AFA /* MaxxxroHelper */; };
		8F5D6D1C17699EF1009B5F70 /* MXDemoCatcher.m in Sources */ = {isa = PBXBuildFile; fileRef = 8F5D6D1B17699EF1009B5F70 /* MXDemoCatcher.m */; };
		8F93EF1A176BABEE00C44180 /* Security.framework in Frameworks */ = {isa = PBXBuildFile; fileRef = 8F42C50D176B952600349AFA /* Security.framework */; };
		8F93EF1B176BAC5400C44180 /* Cocoa.framework in Frameworks */ = {isa = PBXBuildFile; fileRef = 17D6114D1613690B00CE9262 /* Cocoa.framework */; };
		8FC50408176AC51B00B2C22C /* Maxxxro.icns in Resources */ = {isa = PBXBuildFile; fileRef = 8FC50407176AC51B00B2C22C /* Maxxxro.icns */; };
		FAA5BC7C18FF1AEB0082B1C3 /* MXDemoView.m in Sources */ = {isa = PBXBuildFile; fileRef = FAA5BC7B18FF1AEB0082B1C3 /* MXDemoView.m */; };
/* End PBXBuildFile section */

/* Begin PBXBuildRule section */
		8F42C51E176B992E00349AFA /* PBXBuildRule */ = {
			isa = PBXBuildRule;
			compilerSpec = com.apple.compilers.proxy.script;
			fileType = pattern.proxy;
			isEditable = 1;
			outputFiles = (
			);
		};
/* End PBXBuildRule section */

/* Begin PBXContainerItemProxy section */
		8F42C51F176B995500349AFA /* PBXContainerItemProxy */ = {
			isa = PBXContainerItemProxy;
			containerPortal = 17D611401613690B00CE9262 /* Project object */;
			proxyType = 1;
			remoteGlobalIDString = 8F42C512176B98F200349AFA;
			remoteInfo = MaxxxroHelper;
		};
/* End PBXContainerItemProxy section */

/* Begin PBXCopyFilesBuildPhase section */
		8F42C511176B98F200349AFA /* CopyFiles */ = {
			isa = PBXCopyFilesBuildPhase;
			buildActionMask = 2147483647;
			dstPath = /usr/share/man/man1/;
			dstSubfolderSpec = 0;
			files = (
			);
			runOnlyForDeploymentPostprocessing = 1;
		};
/* End PBXCopyFilesBuildPhase section */

/* Begin PBXFileReference section */
		1714AAA21613E39A0044D14B /* MXDurationTransformer.h */ = {isa = PBXFileReference; fileEncoding = 4; lastKnownFileType = sourcecode.c.h; path = MXDurationTransformer.h; sourceTree = "<group>"; };
		1714AAA31613E39A0044D14B /* MXDurationTransformer.m */ = {isa = PBXFileReference; fileEncoding = 4; lastKnownFileType = sourcecode.c.objc; path = MXDurationTransformer.m; sourceTree = "<group>"; };
		1714AAA61613E3AC0044D14B /* MXIntervalTransformer.h */ = {isa = PBXFileReference; fileEncoding = 4; lastKnownFileType = sourcecode.c.h; path = MXIntervalTransformer.h; sourceTree = "<group>"; };
		1714AAA71613E3AC0044D14B /* MXIntervalTransformer.m */ = {isa = PBXFileReference; fileEncoding = 4; lastKnownFileType = sourcecode.c.objc; path = MXIntervalTransformer.m; sourceTree = "<group>"; };
		17D611491613690B00CE9262 /* Maxxxro.app */ = {isa = PBXFileReference; explicitFileType = wrapper.application; includeInIndex = 0; path = Maxxxro.app; sourceTree = BUILT_PRODUCTS_DIR; };
		17D6114D1613690B00CE9262 /* Cocoa.framework */ = {isa = PBXFileReference; lastKnownFileType = wrapper.framework; name = Cocoa.framework; path = System/Library/Frameworks/Cocoa.framework; sourceTree = SDKROOT; };
		17D611501613690B00CE9262 /* AppKit.framework */ = {isa = PBXFileReference; lastKnownFileType = wrapper.framework; name = AppKit.framework; path = System/Library/Frameworks/AppKit.framework; sourceTree = SDKROOT; };
		17D611511613690B00CE9262 /* CoreData.framework */ = {isa = PBXFileReference; lastKnownFileType = wrapper.framework; name = CoreData.framework; path = System/Library/Frameworks/CoreData.framework; sourceTree = SDKROOT; };
		17D611521613690B00CE9262 /* Foundation.framework */ = {isa = PBXFileReference; lastKnownFileType = wrapper.framework; name = Foundation.framework; path = System/Library/Frameworks/Foundation.framework; sourceTree = SDKROOT; };
		17D611551613690B00CE9262 /* Maxxxro-Info.plist */ = {isa = PBXFileReference; lastKnownFileType = text.plist.xml; path = "Maxxxro-Info.plist"; sourceTree = "<group>"; };
		17D611571613690B00CE9262 /* en */ = {isa = PBXFileReference; lastKnownFileType = text.plist.strings; name = en; path = en.lproj/InfoPlist.strings; sourceTree = "<group>"; };
		17D611591613690B00CE9262 /* main.m */ = {isa = PBXFileReference; lastKnownFileType = sourcecode.c.objc; path = main.m; sourceTree = "<group>"; };
		17D6115B1613690B00CE9262 /* Maxxxro-Prefix.pch */ = {isa = PBXFileReference; lastKnownFileType = sourcecode.c.h; path = "Maxxxro-Prefix.pch"; sourceTree = "<group>"; };
		17D6115D1613690B00CE9262 /* en */ = {isa = PBXFileReference; lastKnownFileType = text.rtf; name = en; path = en.lproj/Credits.rtf; sourceTree = "<group>"; };
		17D6115F1613690B00CE9262 /* MXAppDelegate.h */ = {isa = PBXFileReference; lastKnownFileType = sourcecode.c.h; path = MXAppDelegate.h; sourceTree = "<group>"; };
		17D611601613690B00CE9262 /* MXAppDelegate.m */ = {isa = PBXFileReference; lastKnownFileType = sourcecode.c.objc; path = MXAppDelegate.m; sourceTree = "<group>"; };
		17D611631613690B00CE9262 /* en */ = {isa = PBXFileReference; lastKnownFileType = file.xib; name = en; path = en.lproj/MainMenu.xib; sourceTree = "<group>"; };
		8F276B6E176A234900D0799D /* MXKeyButtonCell.h */ = {isa = PBXFileReference; fileEncoding = 4; lastKnownFileType = sourcecode.c.h; path = MXKeyButtonCell.h; sourceTree = "<group>"; };
		8F276B6F176A234900D0799D /* MXKeyButtonCell.m */ = {isa = PBXFileReference; fileEncoding = 4; lastKnownFileType = sourcecode.c.objc; path = MXKeyButtonCell.m; sourceTree = "<group>"; };
		8F276B77176A64D400D0799D /* MXKeyButton.h */ = {isa = PBXFileReference; fileEncoding = 4; lastKnownFileType = sourcecode.c.h; path = MXKeyButton.h; sourceTree = "<group>"; };
		8F276B78176A64D400D0799D /* MXKeyButton.m */ = {isa = PBXFileReference; fileEncoding = 4; lastKnownFileType = sourcecode.c.objc; path = MXKeyButton.m; sourceTree = "<group>"; };
		8F42C50D176B952600349AFA /* Security.framework */ = {isa = PBXFileReference; lastKnownFileType = wrapper.framework; name = Security.framework; path = System/Library/Frameworks/Security.framework; sourceTree = SDKROOT; };
		8F42C513176B98F200349AFA /* MaxxxroHelper */ = {isa = PBXFileReference; explicitFileType = "compiled.mach-o.executable"; includeInIndex = 0; path = MaxxxroHelper; sourceTree = BUILT_PRODUCTS_DIR; };
		8F42C514176B98F200349AFA /* CoreServices.framework */ = {isa = PBXFileReference; lastKnownFileType = wrapper.framework; name = CoreServices.framework; path = System/Library/Frameworks/CoreServices.framework; sourceTree = SDKROOT; };
		8F5D6D1A17699EF1009B5F70 /* MXDemoCatcher.h */ = {isa = PBXFileReference; fileEncoding = 4; lastKnownFileType = sourcecode.c.h; path = MXDemoCatcher.h; sourceTree = "<group>"; };
		8F5D6D1B17699EF1009B5F70 /* MXDemoCatcher.m */ = {isa = PBXFileReference; fileEncoding = 4; lastKnownFileType = sourcecode.c.objc; path = MXDemoCatcher.m; sourceTree = "<group>"; };
		8FC50407176AC51B00B2C22C /* Maxxxro.icns */ = {isa = PBXFileReference; lastKnownFileType = image.icns; path = Maxxxro.icns; sourceTree = "<group>"; };
		FAA5BC7A18FF1AEB0082B1C3 /* MXDemoView.h */ = {isa = PBXFileReference; fileEncoding = 4; lastKnownFileType = sourcecode.c.h; path = MXDemoView.h; sourceTree = "<group>"; };
		FAA5BC7B18FF1AEB0082B1C3 /* MXDemoView.m */ = {isa = PBXFileReference; fileEncoding = 4; lastKnownFileType = sourcecode.c.objc; path = MXDemoView.m; sourceTree = "<group>"; };
/* End PBXFileReference section */

/* Begin PBXFrameworksBuildPhase section */
		17D611461613690B00CE9262 /* Frameworks */ = {
			isa = PBXFrameworksBuildPhase;
			buildActionMask = 2147483647;
			files = (
				8F42C50E176B952600349AFA /* Security.framework in Frameworks */,
				17D6114E1613690B00CE9262 /* Cocoa.framework in Frameworks */,
			);
			runOnlyForDeploymentPostprocessing = 0;
		};
		8F42C510176B98F200349AFA /* Frameworks */ = {
			isa = PBXFrameworksBuildPhase;
			buildActionMask = 2147483647;
			files = (
				8F93EF1B176BAC5400C44180 /* Cocoa.framework in Frameworks */,
				8F93EF1A176BABEE00C44180 /* Security.framework in Frameworks */,
				8F42C515176B98F200349AFA /* CoreServices.framework in Frameworks */,
			);
			runOnlyForDeploymentPostprocessing = 0;
		};
/* End PBXFrameworksBuildPhase section */

/* Begin PBXGroup section */
		17D6113E1613690B00CE9262 = {
			isa = PBXGroup;
			children = (
				8F42C50D176B952600349AFA /* Security.framework */,
				8FC50407176AC51B00B2C22C /* Maxxxro.icns */,
				17D611531613690B00CE9262 /* Maxxxro */,
				17D6114C1613690B00CE9262 /* Frameworks */,
				17D6114A1613690B00CE9262 /* Products */,
			);
			sourceTree = "<group>";
		};
		17D6114A1613690B00CE9262 /* Products */ = {
			isa = PBXGroup;
			children = (
				17D611491613690B00CE9262 /* Maxxxro.app */,
				8F42C513176B98F200349AFA /* MaxxxroHelper */,
			);
			name = Products;
			sourceTree = "<group>";
		};
		17D6114C1613690B00CE9262 /* Frameworks */ = {
			isa = PBXGroup;
			children = (
				17D6114D1613690B00CE9262 /* Cocoa.framework */,
				8F42C514176B98F200349AFA /* CoreServices.framework */,
				17D6114F1613690B00CE9262 /* Other Frameworks */,
			);
			name = Frameworks;
			sourceTree = "<group>";
		};
		17D6114F1613690B00CE9262 /* Other Frameworks */ = {
			isa = PBXGroup;
			children = (
				17D611501613690B00CE9262 /* AppKit.framework */,
				17D611511613690B00CE9262 /* CoreData.framework */,
				17D611521613690B00CE9262 /* Foundation.framework */,
			);
			name = "Other Frameworks";
			sourceTree = "<group>";
		};
		17D611531613690B00CE9262 /* Maxxxro */ = {
			isa = PBXGroup;
			children = (
				17D611621613690B00CE9262 /* MainMenu.xib */,
				17D6115F1613690B00CE9262 /* MXAppDelegate.h */,
				17D611601613690B00CE9262 /* MXAppDelegate.m */,
				FAA5BC7A18FF1AEB0082B1C3 /* MXDemoView.h */,
				FAA5BC7B18FF1AEB0082B1C3 /* MXDemoView.m */,
				8F5D6D1A17699EF1009B5F70 /* MXDemoCatcher.h */,
				8F5D6D1B17699EF1009B5F70 /* MXDemoCatcher.m */,
				1714AAA21613E39A0044D14B /* MXDurationTransformer.h */,
				1714AAA31613E39A0044D14B /* MXDurationTransformer.m */,
				1714AAA61613E3AC0044D14B /* MXIntervalTransformer.h */,
				1714AAA71613E3AC0044D14B /* MXIntervalTransformer.m */,
				8F276B77176A64D400D0799D /* MXKeyButton.h */,
				8F276B78176A64D400D0799D /* MXKeyButton.m */,
				8F276B6E176A234900D0799D /* MXKeyButtonCell.h */,
				8F276B6F176A234900D0799D /* MXKeyButtonCell.m */,
				17D611541613690B00CE9262 /* Supporting Files */,
			);
			path = Maxxxro;
			sourceTree = "<group>";
		};
		17D611541613690B00CE9262 /* Supporting Files */ = {
			isa = PBXGroup;
			children = (
				17D611551613690B00CE9262 /* Maxxxro-Info.plist */,
				17D611561613690B00CE9262 /* InfoPlist.strings */,
				17D611591613690B00CE9262 /* main.m */,
				17D6115B1613690B00CE9262 /* Maxxxro-Prefix.pch */,
				17D6115C1613690B00CE9262 /* Credits.rtf */,
			);
			name = "Supporting Files";
			sourceTree = "<group>";
		};
/* End PBXGroup section */

/* Begin PBXNativeTarget section */
		17D611481613690B00CE9262 /* Maxxxro */ = {
			isa = PBXNativeTarget;
			buildConfigurationList = 17D611671613690B00CE9262 /* Build configuration list for PBXNativeTarget "Maxxxro" */;
			buildPhases = (
				17D611451613690B00CE9262 /* Sources */,
				17D611461613690B00CE9262 /* Frameworks */,
				17D611471613690B00CE9262 /* Resources */,
			);
			buildRules = (
			);
			dependencies = (
				8F42C520176B995500349AFA /* PBXTargetDependency */,
			);
			name = Maxxxro;
			productName = Maxxxro;
			productReference = 17D611491613690B00CE9262 /* Maxxxro.app */;
			productType = "com.apple.product-type.application";
		};
		8F42C512176B98F200349AFA /* MaxxxroHelper */ = {
			isa = PBXNativeTarget;
			buildConfigurationList = 8F42C51B176B98F200349AFA /* Build configuration list for PBXNativeTarget "MaxxxroHelper" */;
			buildPhases = (
				8F42C50F176B98F200349AFA /* Sources */,
				8F42C510176B98F200349AFA /* Frameworks */,
				8F42C511176B98F200349AFA /* CopyFiles */,
			);
			buildRules = (
				8F42C51E176B992E00349AFA /* PBXBuildRule */,
			);
			dependencies = (
			);
			name = MaxxxroHelper;
			productName = MaxxxroHelper;
			productReference = 8F42C513176B98F200349AFA /* MaxxxroHelper */;
			productType = "com.apple.product-type.tool";
		};
/* End PBXNativeTarget section */

/* Begin PBXProject section */
		17D611401613690B00CE9262 /* Project object */ = {
			isa = PBXProject;
			attributes = {
				CLASSPREFIX = MX;
				LastUpgradeCheck = 0500;
				ORGANIZATIONNAME = Joel;
			};
			buildConfigurationList = 17D611431613690B00CE9262 /* Build configuration list for PBXProject "Maxxxro" */;
			compatibilityVersion = "Xcode 3.2";
			developmentRegion = English;
			hasScannedForEncodings = 0;
			knownRegions = (
				en,
			);
			mainGroup = 17D6113E1613690B00CE9262;
			productRefGroup = 17D6114A1613690B00CE9262 /* Products */;
			projectDirPath = "";
			projectRoot = "";
			targets = (
				17D611481613690B00CE9262 /* Maxxxro */,
				8F42C512176B98F200349AFA /* MaxxxroHelper */,
			);
		};
/* End PBXProject section */

/* Begin PBXResourcesBuildPhase section */
		17D611471613690B00CE9262 /* Resources */ = {
			isa = PBXResourcesBuildPhase;
			buildActionMask = 2147483647;
			files = (
				8F42C52A176B9C0A00349AFA /* MaxxxroHelper in Resources */,
				17D611581613690B00CE9262 /* InfoPlist.strings in Resources */,
				17D6115E1613690B00CE9262 /* Credits.rtf in Resources */,
				17D611641613690B00CE9262 /* MainMenu.xib in Resources */,
				8FC50408176AC51B00B2C22C /* Maxxxro.icns in Resources */,
			);
			runOnlyForDeploymentPostprocessing = 0;
		};
/* End PBXResourcesBuildPhase section */

/* Begin PBXSourcesBuildPhase section */
		17D611451613690B00CE9262 /* Sources */ = {
			isa = PBXSourcesBuildPhase;
			buildActionMask = 2147483647;
			files = (
				17D6115A1613690B00CE9262 /* main.m in Sources */,
				17D611611613690B00CE9262 /* MXAppDelegate.m in Sources */,
				1714AAA41613E39A0044D14B /* MXDurationTransformer.m in Sources */,
				1714AAA81613E3AC0044D14B /* MXIntervalTransformer.m in Sources */,
				FAA5BC7C18FF1AEB0082B1C3 /* MXDemoView.m in Sources */,
				8F5D6D1C17699EF1009B5F70 /* MXDemoCatcher.m in Sources */,
				8F276B70176A234900D0799D /* MXKeyButtonCell.m in Sources */,
				8F276B79176A64D400D0799D /* MXKeyButton.m in Sources */,
			);
			runOnlyForDeploymentPostprocessing = 0;
		};
		8F42C50F176B98F200349AFA /* Sources */ = {
			isa = PBXSourcesBuildPhase;
			buildActionMask = 2147483647;
			files = (
			);
			runOnlyForDeploymentPostprocessing = 0;
		};
/* End PBXSourcesBuildPhase section */

/* Begin PBXTargetDependency section */
		8F42C520176B995500349AFA /* PBXTargetDependency */ = {
			isa = PBXTargetDependency;
			target = 8F42C512176B98F200349AFA /* MaxxxroHelper */;
			targetProxy = 8F42C51F176B995500349AFA /* PBXContainerItemProxy */;
		};
/* End PBXTargetDependency section */

/* Begin PBXVariantGroup section */
		17D611561613690B00CE9262 /* InfoPlist.strings */ = {
			isa = PBXVariantGroup;
			children = (
				17D611571613690B00CE9262 /* en */,
			);
			name = InfoPlist.strings;
			sourceTree = "<group>";
		};
		17D6115C1613690B00CE9262 /* Credits.rtf */ = {
			isa = PBXVariantGroup;
			children = (
				17D6115D1613690B00CE9262 /* en */,
			);
			name = Credits.rtf;
			sourceTree = "<group>";
		};
		17D611621613690B00CE9262 /* MainMenu.xib */ = {
			isa = PBXVariantGroup;
			children = (
				17D611631613690B00CE9262 /* en */,
			);
			name = MainMenu.xib;
			sourceTree = "<group>";
		};
/* End PBXVariantGroup section */

/* Begin XCBuildConfiguration section */
		17D611651613690B00CE9262 /* Debug */ = {
			isa = XCBuildConfiguration;
			buildSettings = {
				ALWAYS_SEARCH_USER_PATHS = NO;
				CLANG_CXX_LANGUAGE_STANDARD = "gnu++0x";
				CLANG_CXX_LIBRARY = "libc++";
				CLANG_WARN_EMPTY_BODY = YES;
				CLANG_WARN__DUPLICATE_METHOD_MATCH = YES;
				COPY_PHASE_STRIP = NO;
				GCC_C_LANGUAGE_STANDARD = gnu99;
				GCC_DYNAMIC_NO_PIC = NO;
				GCC_ENABLE_OBJC_EXCEPTIONS = YES;
				GCC_OPTIMIZATION_LEVEL = 0;
				GCC_PREPROCESSOR_DEFINITIONS = (
					"DEBUG=1",
					"$(inherited)",
				);
				GCC_SYMBOLS_PRIVATE_EXTERN = NO;
				GCC_WARN_64_TO_32_BIT_CONVERSION = YES;
				GCC_WARN_ABOUT_RETURN_TYPE = YES;
				GCC_WARN_UNINITIALIZED_AUTOS = YES;
				GCC_WARN_UNUSED_VARIABLE = YES;
				MACOSX_DEPLOYMENT_TARGET = 10.8;
				ONLY_ACTIVE_ARCH = YES;
				SDKROOT = macosx;
			};
			name = Debug;
		};
		17D611661613690B00CE9262 /* Release */ = {
			isa = XCBuildConfiguration;
			buildSettings = {
				ALWAYS_SEARCH_USER_PATHS = NO;
				CLANG_CXX_LANGUAGE_STANDARD = "gnu++0x";
				CLANG_CXX_LIBRARY = "libc++";
				CLANG_WARN_EMPTY_BODY = YES;
				CLANG_WARN__DUPLICATE_METHOD_MATCH = YES;
				COPY_PHASE_STRIP = YES;
				DEBUG_INFORMATION_FORMAT = "dwarf-with-dsym";
				GCC_C_LANGUAGE_STANDARD = gnu99;
				GCC_ENABLE_OBJC_EXCEPTIONS = YES;
				GCC_WARN_64_TO_32_BIT_CONVERSION = YES;
				GCC_WARN_ABOUT_RETURN_TYPE = YES;
				GCC_WARN_UNINITIALIZED_AUTOS = YES;
				GCC_WARN_UNUSED_VARIABLE = YES;
				MACOSX_DEPLOYMENT_TARGET = 10.8;
				SDKROOT = macosx;
			};
			name = Release;
		};
		17D611681613690B00CE9262 /* Debug */ = {
			isa = XCBuildConfiguration;
			buildSettings = {
				COMBINE_HIDPI_IMAGES = YES;
				GCC_PRECOMPILE_PREFIX_HEADER = YES;
				GCC_PREFIX_HEADER = "Maxxxro/Maxxxro-Prefix.pch";
				INFOPLIST_FILE = "Maxxxro/Maxxxro-Info.plist";
				MACOSX_DEPLOYMENT_TARGET = 10.5;
				PRODUCT_NAME = "$(TARGET_NAME)";
				WRAPPER_EXTENSION = app;
			};
			name = Debug;
		};
		17D611691613690B00CE9262 /* Release */ = {
			isa = XCBuildConfiguration;
			buildSettings = {
				COMBINE_HIDPI_IMAGES = YES;
				GCC_PRECOMPILE_PREFIX_HEADER = YES;
				GCC_PREFIX_HEADER = "Maxxxro/Maxxxro-Prefix.pch";
				INFOPLIST_FILE = "Maxxxro/Maxxxro-Info.plist";
				MACOSX_DEPLOYMENT_TARGET = 10.5;
				PRODUCT_NAME = "$(TARGET_NAME)";
				WRAPPER_EXTENSION = app;
			};
			name = Release;
		};
		8F42C51C176B98F200349AFA /* Debug */ = {
			isa = XCBuildConfiguration;
			buildSettings = {
				CLANG_WARN_CONSTANT_CONVERSION = YES;
				CLANG_WARN_ENUM_CONVERSION = YES;
				CLANG_WARN_INT_CONVERSION = YES;
				MACOSX_DEPLOYMENT_TARGET = 10.5;
				PRODUCT_NAME = "$(TARGET_NAME)";
			};
			name = Debug;
		};
		8F42C51D176B98F200349AFA /* Release */ = {
			isa = XCBuildConfiguration;
			buildSettings = {
				CLANG_WARN_CONSTANT_CONVERSION = YES;
				CLANG_WARN_ENUM_CONVERSION = YES;
				CLANG_WARN_INT_CONVERSION = YES;
				MACOSX_DEPLOYMENT_TARGET = 10.5;
				PRODUCT_NAME = "$(TARGET_NAME)";
			};
			name = Release;
		};
/* End XCBuildConfiguration section */

/* Begin XCConfigurationList section */
		17D611431613690B00CE9262 /* Build configuration list for PBXProject "Maxxxro" */ = {
			isa = XCConfigurationList;
			buildConfigurations = (
				17D611651613690B00CE9262 /* Debug */,
				17D611661613690B00CE9262 /* Release */,
			);
			defaultConfigurationIsVisible = 0;
			defaultConfigurationName = Release;
		};
		17D611671613690B00CE9262 /* Build configuration list for PBXNativeTarget "Maxxxro" */ = {
			isa = XCConfigurationList;
			buildConfigurations = (
				17D611681613690B00CE9262 /* Debug */,
				17D611691613690B00CE9262 /* Release */,
			);
			defaultConfigurationIsVisible = 0;
			defaultConfigurationName = Release;
		};
		8F42C51B176B98F200349AFA /* Build configuration list for PBXNativeTarget "MaxxxroHelper" */ = {
			isa = XCConfigurationList;
			buildConfigurations = (
				8F42C51C176B98F200349AFA /* Debug */,
				8F42C51D176B98F200349AFA /* Release */,
			);
			defaultConfigurationIsVisible = 0;
			defaultConfigurationName = Release;
		};
/* End XCConfigurationList section */
	};
	rootObject = 17D611401613690B00CE9262 /* Project object */;
}
