// !$*UTF8*$!
{
	archiveVersion = 1;
	classes = {
	};
	objectVersion = 46;
	objects = {

/* Begin PBXBuildFile section */
		8F0B55BF193D74A0007C0C77 /* AppDelegate.swift in Sources */ = {isa = PBXBuildFile; fileRef = 8F0B55AF193D74A0007C0C77 /* AppDelegate.swift */; };
		8F0B55C2193D74A0007C0C77 /* DemoCatcher.swift in Sources */ = {isa = PBXBuildFile; fileRef = 8F0B55B4193D74A0007C0C77 /* DemoCatcher.swift */; };
		8F0B55C3193D74A0007C0C77 /* DemoView.swift in Sources */ = {isa = PBXBuildFile; fileRef = 8F0B55B5193D74A0007C0C77 /* DemoView.swift */; };
		8F0B55C4193D74A0007C0C77 /* DurationTransformer.swift in Sources */ = {isa = PBXBuildFile; fileRef = 8F0B55B6193D74A0007C0C77 /* DurationTransformer.swift */; };
		8F0B55C5193D74A0007C0C77 /* Images.xcassets in Resources */ = {isa = PBXBuildFile; fileRef = 8F0B55B7193D74A0007C0C77 /* Images.xcassets */; };
		8F0B55C7193D74A0007C0C77 /* IntervalTransformer.swift in Sources */ = {isa = PBXBuildFile; fileRef = 8F0B55B9193D74A0007C0C77 /* IntervalTransformer.swift */; };
		8F0B55C8193D74A0007C0C77 /* KeyButton.swift in Sources */ = {isa = PBXBuildFile; fileRef = 8F0B55BA193D74A0007C0C77 /* KeyButton.swift */; };
		8F0B55C9193D74A0007C0C77 /* KeyButtonCell.swift in Sources */ = {isa = PBXBuildFile; fileRef = 8F0B55BB193D74A0007C0C77 /* KeyButtonCell.swift */; };
		8F0B55CA193D74A0007C0C77 /* main.swift in Sources */ = {isa = PBXBuildFile; fileRef = 8F0B55BC193D74A0007C0C77 /* main.swift */; };
		8F0B55CC193D7524007C0C77 /* MainMenu.xib in Resources */ = {isa = PBXBuildFile; fileRef = 8F0B55B0193D74A0007C0C77 /* MainMenu.xib */; };
		8F7DAE43195A00D80074D68E /* CGEventWrap.m in Sources */ = {isa = PBXBuildFile; fileRef = 8F7DAE42195A00D80074D68E /* CGEventWrap.m */; };
		8FC93A3D19593C470074D68E /* ButtonPusher.swift in Sources */ = {isa = PBXBuildFile; fileRef = 8FC93A3C19593C470074D68E /* ButtonPusher.swift */; };
/* End PBXBuildFile section */

/* Begin PBXContainerItemProxy section */
		8F0B558E193D379C007C0C77 /* PBXContainerItemProxy */ = {
			isa = PBXContainerItemProxy;
			containerPortal = 8F0B5573193D379B007C0C77 /* Project object */;
			proxyType = 1;
			remoteGlobalIDString = 8F0B557A193D379B007C0C77;
			remoteInfo = "Maxxxro-S";
		};
/* End PBXContainerItemProxy section */

/* Begin PBXFileReference section */
		8F0B557B193D379B007C0C77 /* Maxxxro.app */ = {isa = PBXFileReference; explicitFileType = wrapper.application; includeInIndex = 0; path = Maxxxro.app; sourceTree = BUILT_PRODUCTS_DIR; };
		8F0B558D193D379C007C0C77 /* MaxxxroTests.xctest */ = {isa = PBXFileReference; explicitFileType = wrapper.cfbundle; includeInIndex = 0; path = MaxxxroTests.xctest; sourceTree = BUILT_PRODUCTS_DIR; };
		8F0B55AF193D74A0007C0C77 /* AppDelegate.swift */ = {isa = PBXFileReference; fileEncoding = 4; lastKnownFileType = sourcecode.swift; path = AppDelegate.swift; sourceTree = "<group>"; };
		8F0B55B1193D74A0007C0C77 /* Base */ = {isa = PBXFileReference; lastKnownFileType = file.xib; name = Base; path = Base.lproj/MainMenu.xib; sourceTree = "<group>"; };
		8F0B55B4193D74A0007C0C77 /* DemoCatcher.swift */ = {isa = PBXFileReference; fileEncoding = 4; lastKnownFileType = sourcecode.swift; path = DemoCatcher.swift; sourceTree = "<group>"; };
		8F0B55B5193D74A0007C0C77 /* DemoView.swift */ = {isa = PBXFileReference; fileEncoding = 4; lastKnownFileType = sourcecode.swift; path = DemoView.swift; sourceTree = "<group>"; };
		8F0B55B6193D74A0007C0C77 /* DurationTransformer.swift */ = {isa = PBXFileReference; fileEncoding = 4; lastKnownFileType = sourcecode.swift; path = DurationTransformer.swift; sourceTree = "<group>"; };
		8F0B55B7193D74A0007C0C77 /* Images.xcassets */ = {isa = PBXFileReference; lastKnownFileType = folder.assetcatalog; path = Images.xcassets; sourceTree = "<group>"; };
		8F0B55B8193D74A0007C0C77 /* Info.plist */ = {isa = PBXFileReference; fileEncoding = 4; lastKnownFileType = text.plist.xml; path = Info.plist; sourceTree = "<group>"; };
		8F0B55B9193D74A0007C0C77 /* IntervalTransformer.swift */ = {isa = PBXFileReference; fileEncoding = 4; lastKnownFileType = sourcecode.swift; path = IntervalTransformer.swift; sourceTree = "<group>"; };
		8F0B55BA193D74A0007C0C77 /* KeyButton.swift */ = {isa = PBXFileReference; fileEncoding = 4; lastKnownFileType = sourcecode.swift; path = KeyButton.swift; sourceTree = "<group>"; };
		8F0B55BB193D74A0007C0C77 /* KeyButtonCell.swift */ = {isa = PBXFileReference; fileEncoding = 4; lastKnownFileType = sourcecode.swift; path = KeyButtonCell.swift; sourceTree = "<group>"; };
		8F0B55BC193D74A0007C0C77 /* main.swift */ = {isa = PBXFileReference; fileEncoding = 4; lastKnownFileType = sourcecode.swift; path = main.swift; sourceTree = "<group>"; };
		8F0B55CB193D7505007C0C77 /* Maxxxro-Bridging-Header.h */ = {isa = PBXFileReference; fileEncoding = 4; lastKnownFileType = sourcecode.c.h; path = "Maxxxro-Bridging-Header.h"; sourceTree = "<group>"; };
		8F7DAE42195A00D80074D68E /* CGEventWrap.m */ = {isa = PBXFileReference; fileEncoding = 4; lastKnownFileType = sourcecode.c.objc; path = CGEventWrap.m; sourceTree = "<group>"; };
		8F7DAE44195A03340074D68E /* CGEventWrap.h */ = {isa = PBXFileReference; lastKnownFileType = sourcecode.c.h; path = CGEventWrap.h; sourceTree = "<group>"; };
		8FC93A3C19593C470074D68E /* ButtonPusher.swift */ = {isa = PBXFileReference; fileEncoding = 4; lastKnownFileType = sourcecode.swift; path = ButtonPusher.swift; sourceTree = "<group>"; };
/* End PBXFileReference section */

/* Begin PBXFrameworksBuildPhase section */
		8F0B5578193D379B007C0C77 /* Frameworks */ = {
			isa = PBXFrameworksBuildPhase;
			buildActionMask = 2147483647;
			files = (
			);
			runOnlyForDeploymentPostprocessing = 0;
		};
		8F0B558A193D379C007C0C77 /* Frameworks */ = {
			isa = PBXFrameworksBuildPhase;
			buildActionMask = 2147483647;
			files = (
			);
			runOnlyForDeploymentPostprocessing = 0;
		};
/* End PBXFrameworksBuildPhase section */

/* Begin PBXGroup section */
		8F0B5572193D379B007C0C77 = {
			isa = PBXGroup;
			children = (
				8F0B55AE193D74A0007C0C77 /* Maxxxro */,
				8F0B557C193D379B007C0C77 /* Products */,
			);
			sourceTree = "<group>";
		};
		8F0B557C193D379B007C0C77 /* Products */ = {
			isa = PBXGroup;
			children = (
				8F0B557B193D379B007C0C77 /* Maxxxro.app */,
				8F0B558D193D379C007C0C77 /* MaxxxroTests.xctest */,
			);
			name = Products;
			sourceTree = "<group>";
		};
		8F0B55AE193D74A0007C0C77 /* Maxxxro */ = {
			isa = PBXGroup;
			children = (
				8F0B55CB193D7505007C0C77 /* Maxxxro-Bridging-Header.h */,
				8F0B55AF193D74A0007C0C77 /* AppDelegate.swift */,
				8F0B55B0193D74A0007C0C77 /* MainMenu.xib */,
				8FC93A3C19593C470074D68E /* ButtonPusher.swift */,
				8F7DAE44195A03340074D68E /* CGEventWrap.h */,
				8F7DAE42195A00D80074D68E /* CGEventWrap.m */,
				8F0B55B4193D74A0007C0C77 /* DemoCatcher.swift */,
				8F0B55B5193D74A0007C0C77 /* DemoView.swift */,
				8F0B55B6193D74A0007C0C77 /* DurationTransformer.swift */,
				8F0B55B7193D74A0007C0C77 /* Images.xcassets */,
				8F0B55B8193D74A0007C0C77 /* Info.plist */,
				8F0B55B9193D74A0007C0C77 /* IntervalTransformer.swift */,
				8F0B55BA193D74A0007C0C77 /* KeyButton.swift */,
				8F0B55BB193D74A0007C0C77 /* KeyButtonCell.swift */,
				8F0B55BC193D74A0007C0C77 /* main.swift */,
			);
			path = Maxxxro;
			sourceTree = "<group>";
		};
/* End PBXGroup section */

/* Begin PBXNativeTarget section */
		8F0B557A193D379B007C0C77 /* Maxxxro */ = {
			isa = PBXNativeTarget;
			buildConfigurationList = 8F0B5597193D379C007C0C77 /* Build configuration list for PBXNativeTarget "Maxxxro" */;
			buildPhases = (
				8F0B5577193D379B007C0C77 /* Sources */,
				8F0B5578193D379B007C0C77 /* Frameworks */,
				8F0B5579193D379B007C0C77 /* Resources */,
			);
			buildRules = (
			);
			dependencies = (
			);
			name = Maxxxro;
			productName = "Maxxxro-S";
			productReference = 8F0B557B193D379B007C0C77 /* Maxxxro.app */;
			productType = "com.apple.product-type.application";
		};
		8F0B558C193D379C007C0C77 /* MaxxxroTests */ = {
			isa = PBXNativeTarget;
			buildConfigurationList = 8F0B559A193D379C007C0C77 /* Build configuration list for PBXNativeTarget "MaxxxroTests" */;
			buildPhases = (
				8F0B5589193D379C007C0C77 /* Sources */,
				8F0B558A193D379C007C0C77 /* Frameworks */,
				8F0B558B193D379C007C0C77 /* Resources */,
			);
			buildRules = (
			);
			dependencies = (
				8F0B558F193D379C007C0C77 /* PBXTargetDependency */,
			);
			name = MaxxxroTests;
			productName = "Maxxxro-STests";
			productReference = 8F0B558D193D379C007C0C77 /* MaxxxroTests.xctest */;
			productType = "com.apple.product-type.bundle.unit-test";
		};
/* End PBXNativeTarget section */

/* Begin PBXProject section */
		8F0B5573193D379B007C0C77 /* Project object */ = {
			isa = PBXProject;
			attributes = {
				LastUpgradeCheck = 0600;
				ORGANIZATIONNAME = Joel;
				TargetAttributes = {
					8F0B557A193D379B007C0C77 = {
						CreatedOnToolsVersion = 6.0;
					};
					8F0B558C193D379C007C0C77 = {
						CreatedOnToolsVersion = 6.0;
						TestTargetID = 8F0B557A193D379B007C0C77;
					};
				};
			};
			buildConfigurationList = 8F0B5576193D379B007C0C77 /* Build configuration list for PBXProject "Maxxxro" */;
			compatibilityVersion = "Xcode 3.2";
			developmentRegion = English;
			hasScannedForEncodings = 0;
			knownRegions = (
				en,
				Base,
			);
			mainGroup = 8F0B5572193D379B007C0C77;
			productRefGroup = 8F0B557C193D379B007C0C77 /* Products */;
			projectDirPath = "";
			projectRoot = "";
			targets = (
				8F0B557A193D379B007C0C77 /* Maxxxro */,
				8F0B558C193D379C007C0C77 /* MaxxxroTests */,
			);
		};
/* End PBXProject section */

/* Begin PBXResourcesBuildPhase section */
		8F0B5579193D379B007C0C77 /* Resources */ = {
			isa = PBXResourcesBuildPhase;
			buildActionMask = 2147483647;
			files = (
				8F0B55CC193D7524007C0C77 /* MainMenu.xib in Resources */,
				8F0B55C5193D74A0007C0C77 /* Images.xcassets in Resources */,
			);
			runOnlyForDeploymentPostprocessing = 0;
		};
		8F0B558B193D379C007C0C77 /* Resources */ = {
			isa = PBXResourcesBuildPhase;
			buildActionMask = 2147483647;
			files = (
			);
			runOnlyForDeploymentPostprocessing = 0;
		};
/* End PBXResourcesBuildPhase section */

/* Begin PBXSourcesBuildPhase section */
		8F0B5577193D379B007C0C77 /* Sources */ = {
			isa = PBXSourcesBuildPhase;
			buildActionMask = 2147483647;
			files = (
				8F0B55C7193D74A0007C0C77 /* IntervalTransformer.swift in Sources */,
				8F0B55CA193D74A0007C0C77 /* main.swift in Sources */,
				8F0B55C4193D74A0007C0C77 /* DurationTransformer.swift in Sources */,
				8FC93A3D19593C470074D68E /* ButtonPusher.swift in Sources */,
				8F7DAE43195A00D80074D68E /* CGEventWrap.m in Sources */,
				8F0B55C9193D74A0007C0C77 /* KeyButtonCell.swift in Sources */,
				8F0B55C3193D74A0007C0C77 /* DemoView.swift in Sources */,
				8F0B55C8193D74A0007C0C77 /* KeyButton.swift in Sources */,
				8F0B55BF193D74A0007C0C77 /* AppDelegate.swift in Sources */,
				8F0B55C2193D74A0007C0C77 /* DemoCatcher.swift in Sources */,
			);
			runOnlyForDeploymentPostprocessing = 0;
		};
		8F0B5589193D379C007C0C77 /* Sources */ = {
			isa = PBXSourcesBuildPhase;
			buildActionMask = 2147483647;
			files = (
			);
			runOnlyForDeploymentPostprocessing = 0;
		};
/* End PBXSourcesBuildPhase section */

/* Begin PBXTargetDependency section */
		8F0B558F193D379C007C0C77 /* PBXTargetDependency */ = {
			isa = PBXTargetDependency;
			target = 8F0B557A193D379B007C0C77 /* Maxxxro */;
			targetProxy = 8F0B558E193D379C007C0C77 /* PBXContainerItemProxy */;
		};
/* End PBXTargetDependency section */

/* Begin PBXVariantGroup section */
		8F0B55B0193D74A0007C0C77 /* MainMenu.xib */ = {
			isa = PBXVariantGroup;
			children = (
				8F0B55B1193D74A0007C0C77 /* Base */,
			);
			name = MainMenu.xib;
			sourceTree = "<group>";
		};
/* End PBXVariantGroup section */

/* Begin XCBuildConfiguration section */
		8F0B5595193D379C007C0C77 /* Debug */ = {
			isa = XCBuildConfiguration;
			buildSettings = {
				ALWAYS_SEARCH_USER_PATHS = NO;
				CLANG_CXX_LANGUAGE_STANDARD = "gnu++0x";
				CLANG_CXX_LIBRARY = "libc++";
				CLANG_ENABLE_MODULES = YES;
				CLANG_ENABLE_OBJC_ARC = YES;
				CLANG_WARN_BOOL_CONVERSION = YES;
				CLANG_WARN_CONSTANT_CONVERSION = YES;
				CLANG_WARN_DIRECT_OBJC_ISA_USAGE = YES_ERROR;
				CLANG_WARN_EMPTY_BODY = YES;
				CLANG_WARN_ENUM_CONVERSION = YES;
				CLANG_WARN_INT_CONVERSION = YES;
				CLANG_WARN_OBJC_ROOT_CLASS = YES_ERROR;
				CLANG_WARN_UNREACHABLE_CODE = YES;
				CLANG_WARN__DUPLICATE_METHOD_MATCH = YES;
				CODE_SIGN_IDENTITY = "-";
				COPY_PHASE_STRIP = NO;
				ENABLE_STRICT_OBJC_MSGSEND = YES;
				GCC_C_LANGUAGE_STANDARD = gnu99;
				GCC_DYNAMIC_NO_PIC = NO;
				GCC_OPTIMIZATION_LEVEL = 0;
				GCC_PREPROCESSOR_DEFINITIONS = (
					"DEBUG=1",
					"$(inherited)",
				);
				GCC_SYMBOLS_PRIVATE_EXTERN = NO;
				GCC_WARN_64_TO_32_BIT_CONVERSION = YES;
				GCC_WARN_ABOUT_RETURN_TYPE = YES_ERROR;
				GCC_WARN_UNDECLARED_SELECTOR = YES;
				GCC_WARN_UNINITIALIZED_AUTOS = YES_AGGRESSIVE;
				GCC_WARN_UNUSED_FUNCTION = YES;
				GCC_WARN_UNUSED_VARIABLE = YES;
				MACOSX_DEPLOYMENT_TARGET = 10.9;
				METAL_ENABLE_DEBUG_INFO = YES;
				ONLY_ACTIVE_ARCH = YES;
				SDKROOT = macosx;
				SWIFT_OPTIMIZATION_LEVEL = "-Onone";
			};
			name = Debug;
		};
		8F0B5596193D379C007C0C77 /* Release */ = {
			isa = XCBuildConfiguration;
			buildSettings = {
				ALWAYS_SEARCH_USER_PATHS = NO;
				CLANG_CXX_LANGUAGE_STANDARD = "gnu++0x";
				CLANG_CXX_LIBRARY = "libc++";
				CLANG_ENABLE_MODULES = YES;
				CLANG_ENABLE_OBJC_ARC = YES;
				CLANG_WARN_BOOL_CONVERSION = YES;
				CLANG_WARN_CONSTANT_CONVERSION = YES;
				CLANG_WARN_DIRECT_OBJC_ISA_USAGE = YES_ERROR;
				CLANG_WARN_EMPTY_BODY = YES;
				CLANG_WARN_ENUM_CONVERSION = YES;
				CLANG_WARN_INT_CONVERSION = YES;
				CLANG_WARN_OBJC_ROOT_CLASS = YES_ERROR;
				CLANG_WARN_UNREACHABLE_CODE = YES;
				CLANG_WARN__DUPLICATE_METHOD_MATCH = YES;
				CODE_SIGN_IDENTITY = "-";
				COPY_PHASE_STRIP = YES;
				DEBUG_INFORMATION_FORMAT = "dwarf-with-dsym";
				ENABLE_NS_ASSERTIONS = NO;
				ENABLE_STRICT_OBJC_MSGSEND = YES;
				GCC_C_LANGUAGE_STANDARD = gnu99;
				GCC_WARN_64_TO_32_BIT_CONVERSION = YES;
				GCC_WARN_ABOUT_RETURN_TYPE = YES_ERROR;
				GCC_WARN_UNDECLARED_SELECTOR = YES;
				GCC_WARN_UNINITIALIZED_AUTOS = YES_AGGRESSIVE;
				GCC_WARN_UNUSED_FUNCTION = YES;
				GCC_WARN_UNUSED_VARIABLE = YES;
				MACOSX_DEPLOYMENT_TARGET = 10.9;
				METAL_ENABLE_DEBUG_INFO = NO;
				SDKROOT = macosx;
			};
			name = Release;
		};
		8F0B5598193D379C007C0C77 /* Debug */ = {
			isa = XCBuildConfiguration;
			buildSettings = {
				ASSETCATALOG_COMPILER_APPICON_NAME = AppIcon;
				CLANG_ENABLE_MODULES = YES;
				COMBINE_HIDPI_IMAGES = YES;
				INFOPLIST_FILE = Maxxxro/Info.plist;
				LD_RUNPATH_SEARCH_PATHS = "$(inherited) @executable_path/../Frameworks";
				PRODUCT_NAME = Maxxxro;
				SWIFT_OBJC_BRIDGING_HEADER = "Maxxxro/Maxxxro-Bridging-Header.h";
				SWIFT_OPTIMIZATION_LEVEL = "-Onone";
			};
			name = Debug;
		};
		8F0B5599193D379C007C0C77 /* Release */ = {
			isa = XCBuildConfiguration;
			buildSettings = {
				ASSETCATALOG_COMPILER_APPICON_NAME = AppIcon;
				CLANG_ENABLE_MODULES = YES;
				COMBINE_HIDPI_IMAGES = YES;
				INFOPLIST_FILE = Maxxxro/Info.plist;
				LD_RUNPATH_SEARCH_PATHS = "$(inherited) @executable_path/../Frameworks";
				PRODUCT_NAME = Maxxxro;
				SWIFT_OBJC_BRIDGING_HEADER = "Maxxxro/Maxxxro-Bridging-Header.h";
			};
			name = Release;
		};
		8F0B559B193D379C007C0C77 /* Debug */ = {
			isa = XCBuildConfiguration;
			buildSettings = {
				BUNDLE_LOADER = "$(BUILT_PRODUCTS_DIR)/Maxxxro-S.app/Contents/MacOS/Maxxxro-S";
				COMBINE_HIDPI_IMAGES = YES;
				FRAMEWORK_SEARCH_PATHS = (
					"$(DEVELOPER_FRAMEWORKS_DIR)",
					"$(inherited)",
				);
				GCC_PREPROCESSOR_DEFINITIONS = (
					"DEBUG=1",
					"$(inherited)",
				);
				INFOPLIST_FILE = "Maxxxro-STests/Info.plist";
				LD_RUNPATH_SEARCH_PATHS = "$(inherited) @executable_path/../Frameworks @loader_path/../Frameworks";
				METAL_ENABLE_DEBUG_INFO = YES;
				PRODUCT_NAME = MaxxxroTests;
				TEST_HOST = "$(BUNDLE_LOADER)";
			};
			name = Debug;
		};
		8F0B559C193D379C007C0C77 /* Release */ = {
			isa = XCBuildConfiguration;
			buildSettings = {
				BUNDLE_LOADER = "$(BUILT_PRODUCTS_DIR)/Maxxxro-S.app/Contents/MacOS/Maxxxro-S";
				COMBINE_HIDPI_IMAGES = YES;
				FRAMEWORK_SEARCH_PATHS = (
					"$(DEVELOPER_FRAMEWORKS_DIR)",
					"$(inherited)",
				);
				INFOPLIST_FILE = "Maxxxro-STests/Info.plist";
				LD_RUNPATH_SEARCH_PATHS = "$(inherited) @executable_path/../Frameworks @loader_path/../Frameworks";
				METAL_ENABLE_DEBUG_INFO = NO;
				PRODUCT_NAME = MaxxxroTests;
				TEST_HOST = "$(BUNDLE_LOADER)";
			};
			name = Release;
		};
/* End XCBuildConfiguration section */

/* Begin XCConfigurationList section */
		8F0B5576193D379B007C0C77 /* Build configuration list for PBXProject "Maxxxro" */ = {
			isa = XCConfigurationList;
			buildConfigurations = (
				8F0B5595193D379C007C0C77 /* Debug */,
				8F0B5596193D379C007C0C77 /* Release */,
			);
			defaultConfigurationIsVisible = 0;
			defaultConfigurationName = Release;
		};
		8F0B5597193D379C007C0C77 /* Build configuration list for PBXNativeTarget "Maxxxro" */ = {
			isa = XCConfigurationList;
			buildConfigurations = (
				8F0B5598193D379C007C0C77 /* Debug */,
				8F0B5599193D379C007C0C77 /* Release */,
			);
			defaultConfigurationIsVisible = 0;
			defaultConfigurationName = Release;
		};
		8F0B559A193D379C007C0C77 /* Build configuration list for PBXNativeTarget "MaxxxroTests" */ = {
			isa = XCConfigurationList;
			buildConfigurations = (
				8F0B559B193D379C007C0C77 /* Debug */,
				8F0B559C193D379C007C0C77 /* Release */,
			);
			defaultConfigurationIsVisible = 0;
			defaultConfigurationName = Release;
		};
/* End XCConfigurationList section */
	};
	rootObject = 8F0B5573193D379B007C0C77 /* Project object */;
}
